
Microsoft Visual Studio Solution File, Format Version 12.00
# Visual Studio Version 17
VisualStudioVersion = 17.0.32014.148
MinimumVisualStudioVersion = 10.0.40219.1
Project("{9A19103F-16F7-4668-BE54-9A1E7A4F7556}") = "Server", "Server\Server.csproj", "{0B0B0E2A-0921-4BF7-82BF-88B464AE272D}"
EndProject
Project("{9A19103F-16F7-4668-BE54-9A1E7A4F7556}") = "Services", "Services\Services.csproj", "{A763E524-B9E5-42B7-8018-A3016EAF207F}"
EndProject
Project("{9A19103F-16F7-4668-BE54-9A1E7A4F7556}") = "Repositories", "Repositories\Repositories.csproj", "{BE5A9C0A-EAB7-4FC4-A2B8-DFA0DE1B845C}"
EndProject
Project("{9A19103F-16F7-4668-BE54-9A1E7A4F7556}") = "DataDomain", "DataDomain\DataDomain.csproj", "{AA8E1D18-8197-4808-9A12-0D937787DB37}"
EndProject
Project("{9A19103F-16F7-4668-BE54-9A1E7A4F7556}") = "UnitTests", "UnitTests\UnitTests.csproj", "{B2F694CA-2403-43DF-8490-3A80F0CAE71D}"
EndProject
Project("{E53339B2-1760-4266-BCC7-CA923CBCF16C}") = "docker-compose", "docker-compose.dcproj", "{0B7E8BF2-1159-4483-8BEA-336E164D1D8E}"
EndProject
Global
	GlobalSection(SolutionConfigurationPlatforms) = preSolution
		Debug|Any CPU = Debug|Any CPU
		Release|Any CPU = Release|Any CPU
	EndGlobalSection
	GlobalSection(ProjectConfigurationPlatforms) = postSolution
		{0B0B0E2A-0921-4BF7-82BF-88B464AE272D}.Debug|Any CPU.ActiveCfg = Debug|Any CPU
		{0B0B0E2A-0921-4BF7-82BF-88B464AE272D}.Debug|Any CPU.Build.0 = Debug|Any CPU
		{0B0B0E2A-0921-4BF7-82BF-88B464AE272D}.Release|Any CPU.ActiveCfg = Release|Any CPU
		{0B0B0E2A-0921-4BF7-82BF-88B464AE272D}.Release|Any CPU.Build.0 = Release|Any CPU
		{A763E524-B9E5-42B7-8018-A3016EAF207F}.Debug|Any CPU.ActiveCfg = Debug|Any CPU
		{A763E524-B9E5-42B7-8018-A3016EAF207F}.Debug|Any CPU.Build.0 = Debug|Any CPU
		{A763E524-B9E5-42B7-8018-A3016EAF207F}.Release|Any CPU.ActiveCfg = Release|Any CPU
		{A763E524-B9E5-42B7-8018-A3016EAF207F}.Release|Any CPU.Build.0 = Release|Any CPU
		{BE5A9C0A-EAB7-4FC4-A2B8-DFA0DE1B845C}.Debug|Any CPU.ActiveCfg = Debug|Any CPU
		{BE5A9C0A-EAB7-4FC4-A2B8-DFA0DE1B845C}.Debug|Any CPU.Build.0 = Debug|Any CPU
		{BE5A9C0A-EAB7-4FC4-A2B8-DFA0DE1B845C}.Release|Any CPU.ActiveCfg = Release|Any CPU
		{BE5A9C0A-EAB7-4FC4-A2B8-DFA0DE1B845C}.Release|Any CPU.Build.0 = Release|Any CPU
		{AA8E1D18-8197-4808-9A12-0D937787DB37}.Debug|Any CPU.ActiveCfg = Debug|Any CPU
		{AA8E1D18-8197-4808-9A12-0D937787DB37}.Debug|Any CPU.Build.0 = Debug|Any CPU
		{AA8E1D18-8197-4808-9A12-0D937787DB37}.Release|Any CPU.ActiveCfg = Release|Any CPU
		{AA8E1D18-8197-4808-9A12-0D937787DB37}.Release|Any CPU.Build.0 = Release|Any CPU
		{B2F694CA-2403-43DF-8490-3A80F0CAE71D}.Debug|Any CPU.ActiveCfg = Debug|Any CPU
		{B2F694CA-2403-43DF-8490-3A80F0CAE71D}.Debug|Any CPU.Build.0 = Debug|Any CPU
		{B2F694CA-2403-43DF-8490-3A80F0CAE71D}.Release|Any CPU.ActiveCfg = Release|Any CPU
		{B2F694CA-2403-43DF-8490-3A80F0CAE71D}.Release|Any CPU.Build.0 = Release|Any CPU
		{0B7E8BF2-1159-4483-8BEA-336E164D1D8E}.Debug|Any CPU.ActiveCfg = Debug|Any CPU
		{0B7E8BF2-1159-4483-8BEA-336E164D1D8E}.Debug|Any CPU.Build.0 = Debug|Any CPU
		{0B7E8BF2-1159-4483-8BEA-336E164D1D8E}.Release|Any CPU.ActiveCfg = Release|Any CPU
		{0B7E8BF2-1159-4483-8BEA-336E164D1D8E}.Release|Any CPU.Build.0 = Release|Any CPU
	EndGlobalSection
	GlobalSection(SolutionProperties) = preSolution
		HideSolutionNode = FALSE
	EndGlobalSection
	GlobalSection(ExtensibilityGlobals) = postSolution
		SolutionGuid = {400815E7-0BF8-41E8-88EF-52E61EE22661}
	EndGlobalSection
EndGlobal
